
Microsoft Visual Studio Solution File, Format Version 12.00
# Visual Studio Version 17
VisualStudioVersion = 17.9.34701.34
MinimumVisualStudioVersion = 10.0.40219.1
Project("{FAE04EC0-301F-11D3-BF4B-00C04F79EFBC}") = "LMS", "LMS\LMS.csproj", "{2FC1C076-19AC-4A37-8467-3D60325D03DC}"
EndProject
Global
	GlobalSection(SolutionConfigurationPlatforms) = preSolution
		Debug|Any CPU = Debug|Any CPU
		Release|Any CPU = Release|Any CPU
	EndGlobalSection
	GlobalSection(ProjectConfigurationPlatforms) = postSolution
		{2FC1C076-19AC-4A37-8467-3D60325D03DC}.Debug|Any CPU.ActiveCfg = Debug|Any CPU
		{2FC1C076-19AC-4A37-8467-3D60325D03DC}.Debug|Any CPU.Build.0 = Debug|Any CPU
		{2FC1C076-19AC-4A37-8467-3D60325D03DC}.Release|Any CPU.ActiveCfg = Release|Any CPU
		{2FC1C076-19AC-4A37-8467-3D60325D03DC}.Release|Any CPU.Build.0 = Release|Any CPU
	EndGlobalSection
	GlobalSection(SolutionProperties) = preSolution
		HideSolutionNode = FALSE
	EndGlobalSection
	GlobalSection(ExtensibilityGlobals) = postSolution
		SolutionGuid = {E811915A-7B67-4924-9A27-91C8F4AF84E8}
	EndGlobalSection
EndGlobal
